// !$*UTF8*$!
{
	archiveVersion = 1;
	classes = {
	};
	objectVersion = 55;
	objects = {

/* Begin PBXBuildFile section */
		050CDA362A04FED60056BA39 /* AppDelegate.swift in Sources */ = {isa = PBXBuildFile; fileRef = 050CDA352A04FED60056BA39 /* AppDelegate.swift */; };
		050CDA382A04FED60056BA39 /* SceneDelegate.swift in Sources */ = {isa = PBXBuildFile; fileRef = 050CDA372A04FED60056BA39 /* SceneDelegate.swift */; };
		050CDA3A2A04FED70056BA39 /* ViewController.swift in Sources */ = {isa = PBXBuildFile; fileRef = 050CDA392A04FED60056BA39 /* ViewController.swift */; };
		050CDA3F2A04FEDB0056BA39 /* Assets.xcassets in Resources */ = {isa = PBXBuildFile; fileRef = 050CDA3E2A04FEDB0056BA39 /* Assets.xcassets */; };
		050CDA422A04FEDB0056BA39 /* LaunchScreen.storyboard in Resources */ = {isa = PBXBuildFile; fileRef = 050CDA402A04FEDB0056BA39 /* LaunchScreen.storyboard */; };
		050CDA4A2A162BA30056BA39 /* GoogleService-Info.plist in Resources */ = {isa = PBXBuildFile; fileRef = 050CDA492A162BA30056BA39 /* GoogleService-Info.plist */; };
		050CDA4D2A162F420056BA39 /* FirebaseAuth in Frameworks */ = {isa = PBXBuildFile; productRef = 050CDA4C2A162F420056BA39 /* FirebaseAuth */; };
		050CDA4F2A162F420056BA39 /* FirebaseFirestore in Frameworks */ = {isa = PBXBuildFile; productRef = 050CDA4E2A162F420056BA39 /* FirebaseFirestore */; };
		050CDA562A16321A0056BA39 /* LoginVC.swift in Sources */ = {isa = PBXBuildFile; fileRef = 050CDA552A16321A0056BA39 /* LoginVC.swift */; };
		050CDA582A1632290056BA39 /* LoginRoute.swift in Sources */ = {isa = PBXBuildFile; fileRef = 050CDA572A1632290056BA39 /* LoginRoute.swift */; };
		050CDA5A2A1632390056BA39 /* LoginViewModel.swift in Sources */ = {isa = PBXBuildFile; fileRef = 050CDA592A1632390056BA39 /* LoginViewModel.swift */; };
		050CDA5C2A1632600056BA39 /* RegisterVC.swift in Sources */ = {isa = PBXBuildFile; fileRef = 050CDA5B2A1632600056BA39 /* RegisterVC.swift */; };
		050CDA5E2A1632710056BA39 /* RegisterRoute.swift in Sources */ = {isa = PBXBuildFile; fileRef = 050CDA5D2A1632710056BA39 /* RegisterRoute.swift */; };
		050CDA602A16327E0056BA39 /* RegisterViewModel.swift in Sources */ = {isa = PBXBuildFile; fileRef = 050CDA5F2A16327E0056BA39 /* RegisterViewModel.swift */; };
		050CDA652A16330B0056BA39 /* Colors.xcassets in Resources */ = {isa = PBXBuildFile; fileRef = 050CDA642A16330B0056BA39 /* Colors.xcassets */; };
		050CDA672A1633E00056BA39 /* CoordinatorProtocol.swift in Sources */ = {isa = PBXBuildFile; fileRef = 050CDA662A1633E00056BA39 /* CoordinatorProtocol.swift */; };
		050CDA692A1633F60056BA39 /* MainCoordinator.swift in Sources */ = {isa = PBXBuildFile; fileRef = 050CDA682A1633F60056BA39 /* MainCoordinator.swift */; };
		050CDA6C2A16341A0056BA39 /* TransitionProtocol.swift in Sources */ = {isa = PBXBuildFile; fileRef = 050CDA6B2A16341A0056BA39 /* TransitionProtocol.swift */; };
		050CDA6E2A16342C0056BA39 /* PushTransition.swift in Sources */ = {isa = PBXBuildFile; fileRef = 050CDA6D2A16342C0056BA39 /* PushTransition.swift */; };
		050CDA702A1634390056BA39 /* ModalTransition.swift in Sources */ = {isa = PBXBuildFile; fileRef = 050CDA6F2A1634390056BA39 /* ModalTransition.swift */; };
		050CDA722A1634490056BA39 /* EmptyTransition.swift in Sources */ = {isa = PBXBuildFile; fileRef = 050CDA712A1634490056BA39 /* EmptyTransition.swift */; };
		050CDA752A1636720056BA39 /* Constants.swift in Sources */ = {isa = PBXBuildFile; fileRef = 050CDA742A1636720056BA39 /* Constants.swift */; };
		050CDA772A163ECB0056BA39 /* Images.xcassets in Resources */ = {isa = PBXBuildFile; fileRef = 050CDA762A163ECB0056BA39 /* Images.xcassets */; };
		050CDA792A1649E10056BA39 /* Montserrat-Medium.ttf in Resources */ = {isa = PBXBuildFile; fileRef = 050CDA782A1649E10056BA39 /* Montserrat-Medium.ttf */; };
		050CDA7B2A1649FC0056BA39 /* Montserrat-SemiBold.ttf in Resources */ = {isa = PBXBuildFile; fileRef = 050CDA7A2A1649FC0056BA39 /* Montserrat-SemiBold.ttf */; };
		25933C273244AF3202066057 /* Pods_be_in_touch.framework in Frameworks */ = {isa = PBXBuildFile; fileRef = B30C3DAE70FB01844E8D5D4F /* Pods_be_in_touch.framework */; };
/* End PBXBuildFile section */

/* Begin PBXFileReference section */
		050CDA322A04FED60056BA39 /* be_in_touch.app */ = {isa = PBXFileReference; explicitFileType = wrapper.application; includeInIndex = 0; path = be_in_touch.app; sourceTree = BUILT_PRODUCTS_DIR; };
		050CDA352A04FED60056BA39 /* AppDelegate.swift */ = {isa = PBXFileReference; lastKnownFileType = sourcecode.swift; path = AppDelegate.swift; sourceTree = "<group>"; };
		050CDA372A04FED60056BA39 /* SceneDelegate.swift */ = {isa = PBXFileReference; lastKnownFileType = sourcecode.swift; path = SceneDelegate.swift; sourceTree = "<group>"; };
		050CDA392A04FED60056BA39 /* ViewController.swift */ = {isa = PBXFileReference; lastKnownFileType = sourcecode.swift; path = ViewController.swift; sourceTree = "<group>"; };
		050CDA3E2A04FEDB0056BA39 /* Assets.xcassets */ = {isa = PBXFileReference; lastKnownFileType = folder.assetcatalog; path = Assets.xcassets; sourceTree = "<group>"; };
		050CDA412A04FEDB0056BA39 /* Base */ = {isa = PBXFileReference; lastKnownFileType = file.storyboard; name = Base; path = Base.lproj/LaunchScreen.storyboard; sourceTree = "<group>"; };
		050CDA432A04FEDB0056BA39 /* Info.plist */ = {isa = PBXFileReference; lastKnownFileType = text.plist.xml; path = Info.plist; sourceTree = "<group>"; };
		050CDA492A162BA30056BA39 /* GoogleService-Info.plist */ = {isa = PBXFileReference; fileEncoding = 4; lastKnownFileType = text.plist.xml; path = "GoogleService-Info.plist"; sourceTree = "<group>"; };
		050CDA552A16321A0056BA39 /* LoginVC.swift */ = {isa = PBXFileReference; lastKnownFileType = sourcecode.swift; path = LoginVC.swift; sourceTree = "<group>"; };
		050CDA572A1632290056BA39 /* LoginRoute.swift */ = {isa = PBXFileReference; lastKnownFileType = sourcecode.swift; path = LoginRoute.swift; sourceTree = "<group>"; };
		050CDA592A1632390056BA39 /* LoginViewModel.swift */ = {isa = PBXFileReference; lastKnownFileType = sourcecode.swift; path = LoginViewModel.swift; sourceTree = "<group>"; };
		050CDA5B2A1632600056BA39 /* RegisterVC.swift */ = {isa = PBXFileReference; lastKnownFileType = sourcecode.swift; path = RegisterVC.swift; sourceTree = "<group>"; };
		050CDA5D2A1632710056BA39 /* RegisterRoute.swift */ = {isa = PBXFileReference; lastKnownFileType = sourcecode.swift; path = RegisterRoute.swift; sourceTree = "<group>"; };
		050CDA5F2A16327E0056BA39 /* RegisterViewModel.swift */ = {isa = PBXFileReference; lastKnownFileType = sourcecode.swift; path = RegisterViewModel.swift; sourceTree = "<group>"; };
		050CDA642A16330B0056BA39 /* Colors.xcassets */ = {isa = PBXFileReference; lastKnownFileType = folder.assetcatalog; path = Colors.xcassets; sourceTree = "<group>"; };
		050CDA662A1633E00056BA39 /* CoordinatorProtocol.swift */ = {isa = PBXFileReference; lastKnownFileType = sourcecode.swift; path = CoordinatorProtocol.swift; sourceTree = "<group>"; };
		050CDA682A1633F60056BA39 /* MainCoordinator.swift */ = {isa = PBXFileReference; lastKnownFileType = sourcecode.swift; path = MainCoordinator.swift; sourceTree = "<group>"; };
		050CDA6B2A16341A0056BA39 /* TransitionProtocol.swift */ = {isa = PBXFileReference; lastKnownFileType = sourcecode.swift; path = TransitionProtocol.swift; sourceTree = "<group>"; };
		050CDA6D2A16342C0056BA39 /* PushTransition.swift */ = {isa = PBXFileReference; lastKnownFileType = sourcecode.swift; path = PushTransition.swift; sourceTree = "<group>"; };
		050CDA6F2A1634390056BA39 /* ModalTransition.swift */ = {isa = PBXFileReference; lastKnownFileType = sourcecode.swift; path = ModalTransition.swift; sourceTree = "<group>"; };
		050CDA712A1634490056BA39 /* EmptyTransition.swift */ = {isa = PBXFileReference; lastKnownFileType = sourcecode.swift; path = EmptyTransition.swift; sourceTree = "<group>"; };
		050CDA742A1636720056BA39 /* Constants.swift */ = {isa = PBXFileReference; lastKnownFileType = sourcecode.swift; path = Constants.swift; sourceTree = "<group>"; };
		050CDA762A163ECB0056BA39 /* Images.xcassets */ = {isa = PBXFileReference; lastKnownFileType = folder.assetcatalog; path = Images.xcassets; sourceTree = "<group>"; };
		050CDA782A1649E10056BA39 /* Montserrat-Medium.ttf */ = {isa = PBXFileReference; lastKnownFileType = file; path = "Montserrat-Medium.ttf"; sourceTree = "<group>"; };
		050CDA7A2A1649FC0056BA39 /* Montserrat-SemiBold.ttf */ = {isa = PBXFileReference; lastKnownFileType = file; path = "Montserrat-SemiBold.ttf"; sourceTree = "<group>"; };
		B30C3DAE70FB01844E8D5D4F /* Pods_be_in_touch.framework */ = {isa = PBXFileReference; explicitFileType = wrapper.framework; includeInIndex = 0; path = Pods_be_in_touch.framework; sourceTree = BUILT_PRODUCTS_DIR; };
		DFBFBA5DCC5A954D6A107078 /* Pods-be_in_touch.debug.xcconfig */ = {isa = PBXFileReference; includeInIndex = 1; lastKnownFileType = text.xcconfig; name = "Pods-be_in_touch.debug.xcconfig"; path = "Target Support Files/Pods-be_in_touch/Pods-be_in_touch.debug.xcconfig"; sourceTree = "<group>"; };
		E4F5225BE642C3D4558E08CE /* Pods-be_in_touch.release.xcconfig */ = {isa = PBXFileReference; includeInIndex = 1; lastKnownFileType = text.xcconfig; name = "Pods-be_in_touch.release.xcconfig"; path = "Target Support Files/Pods-be_in_touch/Pods-be_in_touch.release.xcconfig"; sourceTree = "<group>"; };
/* End PBXFileReference section */

/* Begin PBXFrameworksBuildPhase section */
		050CDA2F2A04FED60056BA39 /* Frameworks */ = {
			isa = PBXFrameworksBuildPhase;
			buildActionMask = 2147483647;
			files = (
				25933C273244AF3202066057 /* Pods_be_in_touch.framework in Frameworks */,
				050CDA4D2A162F420056BA39 /* FirebaseAuth in Frameworks */,
				050CDA4F2A162F420056BA39 /* FirebaseFirestore in Frameworks */,
			);
			runOnlyForDeploymentPostprocessing = 0;
		};
/* End PBXFrameworksBuildPhase section */

/* Begin PBXGroup section */
		050CDA292A04FED60056BA39 = {
			isa = PBXGroup;
			children = (
				050CDA342A04FED60056BA39 /* be_in_touch */,
				050CDA332A04FED60056BA39 /* Products */,
				44DFFDAF7B393D7FB728C2D1 /* Pods */,
				A797B5FD385AE094C1F7DDDD /* Frameworks */,
			);
			sourceTree = "<group>";
		};
		050CDA332A04FED60056BA39 /* Products */ = {
			isa = PBXGroup;
			children = (
				050CDA322A04FED60056BA39 /* be_in_touch.app */,
			);
			name = Products;
			sourceTree = "<group>";
		};
		050CDA342A04FED60056BA39 /* be_in_touch */ = {
			isa = PBXGroup;
			children = (
				050CDA632A1632F10056BA39 /* Models */,
				050CDA622A1632A50056BA39 /* Coordinator */,
				050CDA612A16329E0056BA39 /* Assets */,
				050CDA502A1631BD0056BA39 /* VC's */,
				050CDA352A04FED60056BA39 /* AppDelegate.swift */,
				050CDA372A04FED60056BA39 /* SceneDelegate.swift */,
				050CDA392A04FED60056BA39 /* ViewController.swift */,
				050CDA3E2A04FEDB0056BA39 /* Assets.xcassets */,
				050CDA402A04FEDB0056BA39 /* LaunchScreen.storyboard */,
				050CDA492A162BA30056BA39 /* GoogleService-Info.plist */,
				050CDA432A04FEDB0056BA39 /* Info.plist */,
			);
			path = be_in_touch;
			sourceTree = "<group>";
		};
		050CDA502A1631BD0056BA39 /* VC's */ = {
			isa = PBXGroup;
			children = (
				050CDA542A1631FC0056BA39 /* Register */,
				050CDA532A1631F30056BA39 /* Login */,
			);
			path = "VC's";
			sourceTree = "<group>";
		};
		050CDA532A1631F30056BA39 /* Login */ = {
			isa = PBXGroup;
			children = (
				050CDA552A16321A0056BA39 /* LoginVC.swift */,
				050CDA572A1632290056BA39 /* LoginRoute.swift */,
				050CDA592A1632390056BA39 /* LoginViewModel.swift */,
			);
			path = Login;
			sourceTree = "<group>";
		};
		050CDA542A1631FC0056BA39 /* Register */ = {
			isa = PBXGroup;
			children = (
				050CDA5B2A1632600056BA39 /* RegisterVC.swift */,
				050CDA5D2A1632710056BA39 /* RegisterRoute.swift */,
				050CDA5F2A16327E0056BA39 /* RegisterViewModel.swift */,
			);
			path = Register;
			sourceTree = "<group>";
		};
		050CDA612A16329E0056BA39 /* Assets */ = {
			isa = PBXGroup;
			children = (
				050CDA732A16365F0056BA39 /* Fonts */,
				050CDA642A16330B0056BA39 /* Colors.xcassets */,
				050CDA762A163ECB0056BA39 /* Images.xcassets */,
				050CDA742A1636720056BA39 /* Constants.swift */,
			);
			path = Assets;
			sourceTree = "<group>";
		};
		050CDA622A1632A50056BA39 /* Coordinator */ = {
			isa = PBXGroup;
			children = (
				050CDA6A2A1633FA0056BA39 /* Transitions */,
				050CDA662A1633E00056BA39 /* CoordinatorProtocol.swift */,
				050CDA682A1633F60056BA39 /* MainCoordinator.swift */,
			);
			path = Coordinator;
			sourceTree = "<group>";
		};
		050CDA632A1632F10056BA39 /* Models */ = {
			isa = PBXGroup;
			children = (
			);
			path = Models;
			sourceTree = "<group>";
		};
		050CDA6A2A1633FA0056BA39 /* Transitions */ = {
			isa = PBXGroup;
			children = (
				050CDA6B2A16341A0056BA39 /* TransitionProtocol.swift */,
				050CDA6D2A16342C0056BA39 /* PushTransition.swift */,
				050CDA6F2A1634390056BA39 /* ModalTransition.swift */,
				050CDA712A1634490056BA39 /* EmptyTransition.swift */,
			);
			path = Transitions;
			sourceTree = "<group>";
		};
		050CDA732A16365F0056BA39 /* Fonts */ = {
			isa = PBXGroup;
			children = (
				050CDA7A2A1649FC0056BA39 /* Montserrat-SemiBold.ttf */,
				050CDA782A1649E10056BA39 /* Montserrat-Medium.ttf */,
			);
			path = Fonts;
			sourceTree = "<group>";
		};
		44DFFDAF7B393D7FB728C2D1 /* Pods */ = {
			isa = PBXGroup;
			children = (
				DFBFBA5DCC5A954D6A107078 /* Pods-be_in_touch.debug.xcconfig */,
				E4F5225BE642C3D4558E08CE /* Pods-be_in_touch.release.xcconfig */,
			);
			path = Pods;
			sourceTree = "<group>";
		};
		A797B5FD385AE094C1F7DDDD /* Frameworks */ = {
			isa = PBXGroup;
			children = (
				B30C3DAE70FB01844E8D5D4F /* Pods_be_in_touch.framework */,
			);
			name = Frameworks;
			sourceTree = "<group>";
		};
/* End PBXGroup section */

/* Begin PBXNativeTarget section */
		050CDA312A04FED60056BA39 /* be_in_touch */ = {
			isa = PBXNativeTarget;
			buildConfigurationList = 050CDA462A04FEDB0056BA39 /* Build configuration list for PBXNativeTarget "be_in_touch" */;
			buildPhases = (
				F64164FF3B2C4EA3A9F61A46 /* [CP] Check Pods Manifest.lock */,
				050CDA2E2A04FED60056BA39 /* Sources */,
				050CDA2F2A04FED60056BA39 /* Frameworks */,
				050CDA302A04FED60056BA39 /* Resources */,
				5B7264ADB9D01ABE08468331 /* [CP] Embed Pods Frameworks */,
			);
			buildRules = (
			);
			dependencies = (
			);
			name = be_in_touch;
			packageProductDependencies = (
				050CDA4C2A162F420056BA39 /* FirebaseAuth */,
				050CDA4E2A162F420056BA39 /* FirebaseFirestore */,
			);
			productName = be_in_touch;
			productReference = 050CDA322A04FED60056BA39 /* be_in_touch.app */;
			productType = "com.apple.product-type.application";
		};
/* End PBXNativeTarget section */

/* Begin PBXProject section */
		050CDA2A2A04FED60056BA39 /* Project object */ = {
			isa = PBXProject;
			attributes = {
				BuildIndependentTargetsInParallel = 1;
				LastSwiftUpdateCheck = 1320;
				LastUpgradeCheck = 1320;
				TargetAttributes = {
					050CDA312A04FED60056BA39 = {
						CreatedOnToolsVersion = 13.2.1;
					};
				};
			};
			buildConfigurationList = 050CDA2D2A04FED60056BA39 /* Build configuration list for PBXProject "be_in_touch" */;
			compatibilityVersion = "Xcode 13.0";
			developmentRegion = en;
			hasScannedForEncodings = 0;
			knownRegions = (
				en,
				Base,
			);
			mainGroup = 050CDA292A04FED60056BA39;
			packageReferences = (
				050CDA4B2A162F420056BA39 /* XCRemoteSwiftPackageReference "firebase-ios-sdk" */,
			);
			productRefGroup = 050CDA332A04FED60056BA39 /* Products */;
			projectDirPath = "";
			projectRoot = "";
			targets = (
				050CDA312A04FED60056BA39 /* be_in_touch */,
			);
		};
/* End PBXProject section */

/* Begin PBXResourcesBuildPhase section */
		050CDA302A04FED60056BA39 /* Resources */ = {
			isa = PBXResourcesBuildPhase;
			buildActionMask = 2147483647;
			files = (
				050CDA422A04FEDB0056BA39 /* LaunchScreen.storyboard in Resources */,
				050CDA772A163ECB0056BA39 /* Images.xcassets in Resources */,
				050CDA652A16330B0056BA39 /* Colors.xcassets in Resources */,
				050CDA7B2A1649FC0056BA39 /* Montserrat-SemiBold.ttf in Resources */,
				050CDA4A2A162BA30056BA39 /* GoogleService-Info.plist in Resources */,
				050CDA792A1649E10056BA39 /* Montserrat-Medium.ttf in Resources */,
				050CDA3F2A04FEDB0056BA39 /* Assets.xcassets in Resources */,
			);
			runOnlyForDeploymentPostprocessing = 0;
		};
/* End PBXResourcesBuildPhase section */

/* Begin PBXShellScriptBuildPhase section */
		5B7264ADB9D01ABE08468331 /* [CP] Embed Pods Frameworks */ = {
			isa = PBXShellScriptBuildPhase;
			buildActionMask = 2147483647;
			files = (
			);
			inputFileListPaths = (
				"${PODS_ROOT}/Target Support Files/Pods-be_in_touch/Pods-be_in_touch-frameworks-${CONFIGURATION}-input-files.xcfilelist",
			);
			name = "[CP] Embed Pods Frameworks";
			outputFileListPaths = (
				"${PODS_ROOT}/Target Support Files/Pods-be_in_touch/Pods-be_in_touch-frameworks-${CONFIGURATION}-output-files.xcfilelist",
			);
			runOnlyForDeploymentPostprocessing = 0;
			shellPath = /bin/sh;
			shellScript = "\"${PODS_ROOT}/Target Support Files/Pods-be_in_touch/Pods-be_in_touch-frameworks.sh\"\n";
			showEnvVarsInLog = 0;
		};
		F64164FF3B2C4EA3A9F61A46 /* [CP] Check Pods Manifest.lock */ = {
			isa = PBXShellScriptBuildPhase;
			buildActionMask = 2147483647;
			files = (
			);
			inputFileListPaths = (
			);
			inputPaths = (
				"${PODS_PODFILE_DIR_PATH}/Podfile.lock",
				"${PODS_ROOT}/Manifest.lock",
			);
			name = "[CP] Check Pods Manifest.lock";
			outputFileListPaths = (
			);
			outputPaths = (
				"$(DERIVED_FILE_DIR)/Pods-be_in_touch-checkManifestLockResult.txt",
			);
			runOnlyForDeploymentPostprocessing = 0;
			shellPath = /bin/sh;
			shellScript = "diff \"${PODS_PODFILE_DIR_PATH}/Podfile.lock\" \"${PODS_ROOT}/Manifest.lock\" > /dev/null\nif [ $? != 0 ] ; then\n    # print error to STDERR\n    echo \"error: The sandbox is not in sync with the Podfile.lock. Run 'pod install' or update your CocoaPods installation.\" >&2\n    exit 1\nfi\n# This output is used by Xcode 'outputs' to avoid re-running this script phase.\necho \"SUCCESS\" > \"${SCRIPT_OUTPUT_FILE_0}\"\n";
			showEnvVarsInLog = 0;
		};
/* End PBXShellScriptBuildPhase section */

/* Begin PBXSourcesBuildPhase section */
		050CDA2E2A04FED60056BA39 /* Sources */ = {
			isa = PBXSourcesBuildPhase;
			buildActionMask = 2147483647;
			files = (
				050CDA6C2A16341A0056BA39 /* TransitionProtocol.swift in Sources */,
				050CDA3A2A04FED70056BA39 /* ViewController.swift in Sources */,
				050CDA722A1634490056BA39 /* EmptyTransition.swift in Sources */,
				050CDA362A04FED60056BA39 /* AppDelegate.swift in Sources */,
				050CDA672A1633E00056BA39 /* CoordinatorProtocol.swift in Sources */,
				050CDA5E2A1632710056BA39 /* RegisterRoute.swift in Sources */,
				050CDA6E2A16342C0056BA39 /* PushTransition.swift in Sources */,
				050CDA752A1636720056BA39 /* Constants.swift in Sources */,
				050CDA5A2A1632390056BA39 /* LoginViewModel.swift in Sources */,
				050CDA692A1633F60056BA39 /* MainCoordinator.swift in Sources */,
				050CDA562A16321A0056BA39 /* LoginVC.swift in Sources */,
				050CDA5C2A1632600056BA39 /* RegisterVC.swift in Sources */,
				050CDA582A1632290056BA39 /* LoginRoute.swift in Sources */,
				050CDA602A16327E0056BA39 /* RegisterViewModel.swift in Sources */,
				050CDA702A1634390056BA39 /* ModalTransition.swift in Sources */,
				050CDA382A04FED60056BA39 /* SceneDelegate.swift in Sources */,
			);
			runOnlyForDeploymentPostprocessing = 0;
		};
/* End PBXSourcesBuildPhase section */

/* Begin PBXVariantGroup section */
		050CDA402A04FEDB0056BA39 /* LaunchScreen.storyboard */ = {
			isa = PBXVariantGroup;
			children = (
				050CDA412A04FEDB0056BA39 /* Base */,
			);
			name = LaunchScreen.storyboard;
			sourceTree = "<group>";
		};
/* End PBXVariantGroup section */

/* Begin XCBuildConfiguration section */
		050CDA442A04FEDB0056BA39 /* Debug */ = {
			isa = XCBuildConfiguration;
			buildSettings = {
				ALWAYS_SEARCH_USER_PATHS = NO;
				CLANG_ANALYZER_NONNULL = YES;
				CLANG_ANALYZER_NUMBER_OBJECT_CONVERSION = YES_AGGRESSIVE;
				CLANG_CXX_LANGUAGE_STANDARD = "gnu++17";
				CLANG_CXX_LIBRARY = "libc++";
				CLANG_ENABLE_MODULES = YES;
				CLANG_ENABLE_OBJC_ARC = YES;
				CLANG_ENABLE_OBJC_WEAK = YES;
				CLANG_WARN_BLOCK_CAPTURE_AUTORELEASING = YES;
				CLANG_WARN_BOOL_CONVERSION = YES;
				CLANG_WARN_COMMA = YES;
				CLANG_WARN_CONSTANT_CONVERSION = YES;
				CLANG_WARN_DEPRECATED_OBJC_IMPLEMENTATIONS = YES;
				CLANG_WARN_DIRECT_OBJC_ISA_USAGE = YES_ERROR;
				CLANG_WARN_DOCUMENTATION_COMMENTS = YES;
				CLANG_WARN_EMPTY_BODY = YES;
				CLANG_WARN_ENUM_CONVERSION = YES;
				CLANG_WARN_INFINITE_RECURSION = YES;
				CLANG_WARN_INT_CONVERSION = YES;
				CLANG_WARN_NON_LITERAL_NULL_CONVERSION = YES;
				CLANG_WARN_OBJC_IMPLICIT_RETAIN_SELF = YES;
				CLANG_WARN_OBJC_LITERAL_CONVERSION = YES;
				CLANG_WARN_OBJC_ROOT_CLASS = YES_ERROR;
				CLANG_WARN_QUOTED_INCLUDE_IN_FRAMEWORK_HEADER = YES;
				CLANG_WARN_RANGE_LOOP_ANALYSIS = YES;
				CLANG_WARN_STRICT_PROTOTYPES = YES;
				CLANG_WARN_SUSPICIOUS_MOVE = YES;
				CLANG_WARN_UNGUARDED_AVAILABILITY = YES_AGGRESSIVE;
				CLANG_WARN_UNREACHABLE_CODE = YES;
				CLANG_WARN__DUPLICATE_METHOD_MATCH = YES;
				COPY_PHASE_STRIP = NO;
				DEBUG_INFORMATION_FORMAT = dwarf;
				ENABLE_STRICT_OBJC_MSGSEND = YES;
				ENABLE_TESTABILITY = YES;
				GCC_C_LANGUAGE_STANDARD = gnu11;
				GCC_DYNAMIC_NO_PIC = NO;
				GCC_NO_COMMON_BLOCKS = YES;
				GCC_OPTIMIZATION_LEVEL = 0;
				GCC_PREPROCESSOR_DEFINITIONS = (
					"DEBUG=1",
					"$(inherited)",
				);
				GCC_WARN_64_TO_32_BIT_CONVERSION = YES;
				GCC_WARN_ABOUT_RETURN_TYPE = YES_ERROR;
				GCC_WARN_UNDECLARED_SELECTOR = YES;
				GCC_WARN_UNINITIALIZED_AUTOS = YES_AGGRESSIVE;
				GCC_WARN_UNUSED_FUNCTION = YES;
				GCC_WARN_UNUSED_VARIABLE = YES;
				IPHONEOS_DEPLOYMENT_TARGET = 15.2;
				MTL_ENABLE_DEBUG_INFO = INCLUDE_SOURCE;
				MTL_FAST_MATH = YES;
				ONLY_ACTIVE_ARCH = YES;
				SDKROOT = iphoneos;
				SWIFT_ACTIVE_COMPILATION_CONDITIONS = DEBUG;
				SWIFT_OPTIMIZATION_LEVEL = "-Onone";
			};
			name = Debug;
		};
		050CDA452A04FEDB0056BA39 /* Release */ = {
			isa = XCBuildConfiguration;
			buildSettings = {
				ALWAYS_SEARCH_USER_PATHS = NO;
				CLANG_ANALYZER_NONNULL = YES;
				CLANG_ANALYZER_NUMBER_OBJECT_CONVERSION = YES_AGGRESSIVE;
				CLANG_CXX_LANGUAGE_STANDARD = "gnu++17";
				CLANG_CXX_LIBRARY = "libc++";
				CLANG_ENABLE_MODULES = YES;
				CLANG_ENABLE_OBJC_ARC = YES;
				CLANG_ENABLE_OBJC_WEAK = YES;
				CLANG_WARN_BLOCK_CAPTURE_AUTORELEASING = YES;
				CLANG_WARN_BOOL_CONVERSION = YES;
				CLANG_WARN_COMMA = YES;
				CLANG_WARN_CONSTANT_CONVERSION = YES;
				CLANG_WARN_DEPRECATED_OBJC_IMPLEMENTATIONS = YES;
				CLANG_WARN_DIRECT_OBJC_ISA_USAGE = YES_ERROR;
				CLANG_WARN_DOCUMENTATION_COMMENTS = YES;
				CLANG_WARN_EMPTY_BODY = YES;
				CLANG_WARN_ENUM_CONVERSION = YES;
				CLANG_WARN_INFINITE_RECURSION = YES;
				CLANG_WARN_INT_CONVERSION = YES;
				CLANG_WARN_NON_LITERAL_NULL_CONVERSION = YES;
				CLANG_WARN_OBJC_IMPLICIT_RETAIN_SELF = YES;
				CLANG_WARN_OBJC_LITERAL_CONVERSION = YES;
				CLANG_WARN_OBJC_ROOT_CLASS = YES_ERROR;
				CLANG_WARN_QUOTED_INCLUDE_IN_FRAMEWORK_HEADER = YES;
				CLANG_WARN_RANGE_LOOP_ANALYSIS = YES;
				CLANG_WARN_STRICT_PROTOTYPES = YES;
				CLANG_WARN_SUSPICIOUS_MOVE = YES;
				CLANG_WARN_UNGUARDED_AVAILABILITY = YES_AGGRESSIVE;
				CLANG_WARN_UNREACHABLE_CODE = YES;
				CLANG_WARN__DUPLICATE_METHOD_MATCH = YES;
				COPY_PHASE_STRIP = NO;
				DEBUG_INFORMATION_FORMAT = "dwarf-with-dsym";
				ENABLE_NS_ASSERTIONS = NO;
				ENABLE_STRICT_OBJC_MSGSEND = YES;
				GCC_C_LANGUAGE_STANDARD = gnu11;
				GCC_NO_COMMON_BLOCKS = YES;
				GCC_WARN_64_TO_32_BIT_CONVERSION = YES;
				GCC_WARN_ABOUT_RETURN_TYPE = YES_ERROR;
				GCC_WARN_UNDECLARED_SELECTOR = YES;
				GCC_WARN_UNINITIALIZED_AUTOS = YES_AGGRESSIVE;
				GCC_WARN_UNUSED_FUNCTION = YES;
				GCC_WARN_UNUSED_VARIABLE = YES;
				IPHONEOS_DEPLOYMENT_TARGET = 15.2;
				MTL_ENABLE_DEBUG_INFO = NO;
				MTL_FAST_MATH = YES;
				SDKROOT = iphoneos;
				SWIFT_COMPILATION_MODE = wholemodule;
				SWIFT_OPTIMIZATION_LEVEL = "-O";
				VALIDATE_PRODUCT = YES;
			};
			name = Release;
		};
		050CDA472A04FEDB0056BA39 /* Debug */ = {
			isa = XCBuildConfiguration;
			baseConfigurationReference = DFBFBA5DCC5A954D6A107078 /* Pods-be_in_touch.debug.xcconfig */;
			buildSettings = {
				ASSETCATALOG_COMPILER_APPICON_NAME = AppIcon;
				ASSETCATALOG_COMPILER_GLOBAL_ACCENT_COLOR_NAME = AccentColor;
				CODE_SIGN_STYLE = Automatic;
				CURRENT_PROJECT_VERSION = 1;
				GENERATE_INFOPLIST_FILE = YES;
				INFOPLIST_FILE = be_in_touch/Info.plist;
				INFOPLIST_KEY_UIApplicationSupportsIndirectInputEvents = YES;
				INFOPLIST_KEY_UILaunchStoryboardName = LaunchScreen;
				INFOPLIST_KEY_UISupportedInterfaceOrientations_iPad = "UIInterfaceOrientationPortrait UIInterfaceOrientationPortraitUpsideDown UIInterfaceOrientationLandscapeLeft UIInterfaceOrientationLandscapeRight";
				INFOPLIST_KEY_UISupportedInterfaceOrientations_iPhone = "UIInterfaceOrientationPortrait UIInterfaceOrientationLandscapeLeft UIInterfaceOrientationLandscapeRight";
				LD_RUNPATH_SEARCH_PATHS = (
					"$(inherited)",
					"@executable_path/Frameworks",
				);
				MARKETING_VERSION = 1.0;
				PRODUCT_BUNDLE_IDENTIFIER = "Nor1.be-in-touch";
				PRODUCT_NAME = "$(TARGET_NAME)";
				SWIFT_EMIT_LOC_STRINGS = YES;
				SWIFT_VERSION = 5.0;
				TARGETED_DEVICE_FAMILY = "1,2";
			};
			name = Debug;
		};
		050CDA482A04FEDB0056BA39 /* Release */ = {
			isa = XCBuildConfiguration;
			baseConfigurationReference = E4F5225BE642C3D4558E08CE /* Pods-be_in_touch.release.xcconfig */;
			buildSettings = {
				ASSETCATALOG_COMPILER_APPICON_NAME = AppIcon;
				ASSETCATALOG_COMPILER_GLOBAL_ACCENT_COLOR_NAME = AccentColor;
				CODE_SIGN_STYLE = Automatic;
				CURRENT_PROJECT_VERSION = 1;
				GENERATE_INFOPLIST_FILE = YES;
				INFOPLIST_FILE = be_in_touch/Info.plist;
				INFOPLIST_KEY_UIApplicationSupportsIndirectInputEvents = YES;
				INFOPLIST_KEY_UILaunchStoryboardName = LaunchScreen;
				INFOPLIST_KEY_UISupportedInterfaceOrientations_iPad = "UIInterfaceOrientationPortrait UIInterfaceOrientationPortraitUpsideDown UIInterfaceOrientationLandscapeLeft UIInterfaceOrientationLandscapeRight";
				INFOPLIST_KEY_UISupportedInterfaceOrientations_iPhone = "UIInterfaceOrientationPortrait UIInterfaceOrientationLandscapeLeft UIInterfaceOrientationLandscapeRight";
				LD_RUNPATH_SEARCH_PATHS = (
					"$(inherited)",
					"@executable_path/Frameworks",
				);
				MARKETING_VERSION = 1.0;
				PRODUCT_BUNDLE_IDENTIFIER = "Nor1.be-in-touch";
				PRODUCT_NAME = "$(TARGET_NAME)";
				SWIFT_EMIT_LOC_STRINGS = YES;
				SWIFT_VERSION = 5.0;
				TARGETED_DEVICE_FAMILY = "1,2";
			};
			name = Release;
		};
/* End XCBuildConfiguration section */

/* Begin XCConfigurationList section */
		050CDA2D2A04FED60056BA39 /* Build configuration list for PBXProject "be_in_touch" */ = {
			isa = XCConfigurationList;
			buildConfigurations = (
				050CDA442A04FEDB0056BA39 /* Debug */,
				050CDA452A04FEDB0056BA39 /* Release */,
			);
			defaultConfigurationIsVisible = 0;
			defaultConfigurationName = Release;
		};
		050CDA462A04FEDB0056BA39 /* Build configuration list for PBXNativeTarget "be_in_touch" */ = {
			isa = XCConfigurationList;
			buildConfigurations = (
				050CDA472A04FEDB0056BA39 /* Debug */,
				050CDA482A04FEDB0056BA39 /* Release */,
			);
			defaultConfigurationIsVisible = 0;
			defaultConfigurationName = Release;
		};
/* End XCConfigurationList section */

/* Begin XCRemoteSwiftPackageReference section */
		050CDA4B2A162F420056BA39 /* XCRemoteSwiftPackageReference "firebase-ios-sdk" */ = {
			isa = XCRemoteSwiftPackageReference;
			repositoryURL = "https://github.com/firebase/firebase-ios-sdk";
			requirement = {
				kind = upToNextMajorVersion;
				minimumVersion = 9.0.0;
			};
		};
/* End XCRemoteSwiftPackageReference section */

/* Begin XCSwiftPackageProductDependency section */
		050CDA4C2A162F420056BA39 /* FirebaseAuth */ = {
			isa = XCSwiftPackageProductDependency;
			package = 050CDA4B2A162F420056BA39 /* XCRemoteSwiftPackageReference "firebase-ios-sdk" */;
			productName = FirebaseAuth;
		};
		050CDA4E2A162F420056BA39 /* FirebaseFirestore */ = {
			isa = XCSwiftPackageProductDependency;
			package = 050CDA4B2A162F420056BA39 /* XCRemoteSwiftPackageReference "firebase-ios-sdk" */;
			productName = FirebaseFirestore;
		};
/* End XCSwiftPackageProductDependency section */
	};
	rootObject = 050CDA2A2A04FED60056BA39 /* Project object */;
}
